
Microsoft Visual Studio Solution File, Format Version 12.00
# Visual Studio Version 16
VisualStudioVersion = 16.0.30413.136
MinimumVisualStudioVersion = 10.0.40219.1
Project("{9A19103F-16F7-4668-BE54-9A1E7A4F7556}") = "VirtualExpress", "VirtualExpress\VirtualExpress.csproj", "{BB977EAF-E2ED-4F94-8029-E521FB3B69CC}"
EndProject
Project("{FAE04EC0-301F-11D3-BF4B-00C04F79EFBC}") = "VirtualExpress.Api.Test", "VirtualExpress.Api.Test\VirtualExpress.Api.Test.csproj", "{9B58094C-6873-4649-9E45-7E8EC36AEC97}"
EndProject
Global
	GlobalSection(SolutionConfigurationPlatforms) = preSolution
		Debug|Any CPU = Debug|Any CPU
		Release|Any CPU = Release|Any CPU
	EndGlobalSection
	GlobalSection(ProjectConfigurationPlatforms) = postSolution
		{BB977EAF-E2ED-4F94-8029-E521FB3B69CC}.Debug|Any CPU.ActiveCfg = Debug|Any CPU
		{BB977EAF-E2ED-4F94-8029-E521FB3B69CC}.Debug|Any CPU.Build.0 = Debug|Any CPU
		{BB977EAF-E2ED-4F94-8029-E521FB3B69CC}.Release|Any CPU.ActiveCfg = Release|Any CPU
		{BB977EAF-E2ED-4F94-8029-E521FB3B69CC}.Release|Any CPU.Build.0 = Release|Any CPU
		{9B58094C-6873-4649-9E45-7E8EC36AEC97}.Debug|Any CPU.ActiveCfg = Debug|Any CPU
		{9B58094C-6873-4649-9E45-7E8EC36AEC97}.Debug|Any CPU.Build.0 = Debug|Any CPU
		{9B58094C-6873-4649-9E45-7E8EC36AEC97}.Release|Any CPU.ActiveCfg = Release|Any CPU
		{9B58094C-6873-4649-9E45-7E8EC36AEC97}.Release|Any CPU.Build.0 = Release|Any CPU
	EndGlobalSection
	GlobalSection(SolutionProperties) = preSolution
		HideSolutionNode = FALSE
	EndGlobalSection
	GlobalSection(ExtensibilityGlobals) = postSolution
		SolutionGuid = {F9E06545-16AD-4F4E-BFB4-4C8AB6C00F54}
	EndGlobalSection
EndGlobal
